// !$*UTF8*$!
{
	archiveVersion = 1;
	classes = {
	};
	objectVersion = 46;
	objects = {

/* Begin PBXBuildFile section */
		2B1EB0171F4C17DF003F41FB /* AppDelegate.swift in Sources */ = {isa = PBXBuildFile; fileRef = 2B1EB0161F4C17DF003F41FB /* AppDelegate.swift */; };
		2B1EB0191F4C17DF003F41FB /* ViewController.swift in Sources */ = {isa = PBXBuildFile; fileRef = 2B1EB0181F4C17DF003F41FB /* ViewController.swift */; };
		2B1EB01C1F4C17DF003F41FB /* Main.storyboard in Resources */ = {isa = PBXBuildFile; fileRef = 2B1EB01A1F4C17DF003F41FB /* Main.storyboard */; };
		2B1EB01E1F4C17DF003F41FB /* Assets.xcassets in Resources */ = {isa = PBXBuildFile; fileRef = 2B1EB01D1F4C17DF003F41FB /* Assets.xcassets */; };
		2B1EB0211F4C17DF003F41FB /* LaunchScreen.storyboard in Resources */ = {isa = PBXBuildFile; fileRef = 2B1EB01F1F4C17DF003F41FB /* LaunchScreen.storyboard */; };
		2B1EB02C1F4C17DF003F41FB /* MultipleLanguageTestTests.swift in Sources */ = {isa = PBXBuildFile; fileRef = 2B1EB02B1F4C17DF003F41FB /* MultipleLanguageTestTests.swift */; };
		2B1EB0371F4C17DF003F41FB /* MultipleLanguageTestUITests.swift in Sources */ = {isa = PBXBuildFile; fileRef = 2B1EB0361F4C17DF003F41FB /* MultipleLanguageTestUITests.swift */; };
		2B1EB04A1F4C1EDB003F41FB /* Localizable.strings in Resources */ = {isa = PBXBuildFile; fileRef = 2B1EB04C1F4C1EDB003F41FB /* Localizable.strings */; };
/* End PBXBuildFile section */

/* Begin PBXContainerItemProxy section */
		2B1EB0281F4C17DF003F41FB /* PBXContainerItemProxy */ = {
			isa = PBXContainerItemProxy;
			containerPortal = 2B1EB00B1F4C17DF003F41FB /* Project object */;
			proxyType = 1;
			remoteGlobalIDString = 2B1EB0121F4C17DF003F41FB;
			remoteInfo = MultipleLanguageTest;
		};
		2B1EB0331F4C17DF003F41FB /* PBXContainerItemProxy */ = {
			isa = PBXContainerItemProxy;
			containerPortal = 2B1EB00B1F4C17DF003F41FB /* Project object */;
			proxyType = 1;
			remoteGlobalIDString = 2B1EB0121F4C17DF003F41FB;
			remoteInfo = MultipleLanguageTest;
		};
/* End PBXContainerItemProxy section */

/* Begin PBXFileReference section */
		2B1EB0131F4C17DF003F41FB /* MultipleLanguageTest.app */ = {isa = PBXFileReference; explicitFileType = wrapper.application; includeInIndex = 0; path = MultipleLanguageTest.app; sourceTree = BUILT_PRODUCTS_DIR; };
		2B1EB0161F4C17DF003F41FB /* AppDelegate.swift */ = {isa = PBXFileReference; lastKnownFileType = sourcecode.swift; path = AppDelegate.swift; sourceTree = "<group>"; };
		2B1EB0181F4C17DF003F41FB /* ViewController.swift */ = {isa = PBXFileReference; lastKnownFileType = sourcecode.swift; path = ViewController.swift; sourceTree = "<group>"; };
		2B1EB01B1F4C17DF003F41FB /* Base */ = {isa = PBXFileReference; lastKnownFileType = file.storyboard; name = Base; path = Base.lproj/Main.storyboard; sourceTree = "<group>"; };
		2B1EB01D1F4C17DF003F41FB /* Assets.xcassets */ = {isa = PBXFileReference; lastKnownFileType = folder.assetcatalog; path = Assets.xcassets; sourceTree = "<group>"; };
		2B1EB0201F4C17DF003F41FB /* Base */ = {isa = PBXFileReference; lastKnownFileType = file.storyboard; name = Base; path = Base.lproj/LaunchScreen.storyboard; sourceTree = "<group>"; };
		2B1EB0221F4C17DF003F41FB /* Info.plist */ = {isa = PBXFileReference; lastKnownFileType = text.plist.xml; path = Info.plist; sourceTree = "<group>"; };
		2B1EB0271F4C17DF003F41FB /* MultipleLanguageTestTests.xctest */ = {isa = PBXFileReference; explicitFileType = wrapper.cfbundle; includeInIndex = 0; path = MultipleLanguageTestTests.xctest; sourceTree = BUILT_PRODUCTS_DIR; };
		2B1EB02B1F4C17DF003F41FB /* MultipleLanguageTestTests.swift */ = {isa = PBXFileReference; lastKnownFileType = sourcecode.swift; path = MultipleLanguageTestTests.swift; sourceTree = "<group>"; };
		2B1EB02D1F4C17DF003F41FB /* Info.plist */ = {isa = PBXFileReference; lastKnownFileType = text.plist.xml; path = Info.plist; sourceTree = "<group>"; };
		2B1EB0321F4C17DF003F41FB /* MultipleLanguageTestUITests.xctest */ = {isa = PBXFileReference; explicitFileType = wrapper.cfbundle; includeInIndex = 0; path = MultipleLanguageTestUITests.xctest; sourceTree = BUILT_PRODUCTS_DIR; };
		2B1EB0361F4C17DF003F41FB /* MultipleLanguageTestUITests.swift */ = {isa = PBXFileReference; lastKnownFileType = sourcecode.swift; path = MultipleLanguageTestUITests.swift; sourceTree = "<group>"; };
		2B1EB0381F4C17DF003F41FB /* Info.plist */ = {isa = PBXFileReference; lastKnownFileType = text.plist.xml; path = Info.plist; sourceTree = "<group>"; };
		2B1EB04B1F4C1EDB003F41FB /* Base */ = {isa = PBXFileReference; lastKnownFileType = text.plist.strings; name = Base; path = Base.lproj/Localizable.strings; sourceTree = "<group>"; };
		2B1EB04D1F4C1F07003F41FB /* ja */ = {isa = PBXFileReference; lastKnownFileType = text.plist.strings; name = ja; path = ja.lproj/Localizable.strings; sourceTree = "<group>"; };
		2B1EB04E1F4C1F0F003F41FB /* zh-Hant */ = {isa = PBXFileReference; lastKnownFileType = text.plist.strings; name = "zh-Hant"; path = "zh-Hant.lproj/Localizable.strings"; sourceTree = "<group>"; };
/* End PBXFileReference section */

/* Begin PBXFrameworksBuildPhase section */
		2B1EB0101F4C17DF003F41FB /* Frameworks */ = {
			isa = PBXFrameworksBuildPhase;
			buildActionMask = 2147483647;
			files = (
			);
			runOnlyForDeploymentPostprocessing = 0;
		};
		2B1EB0241F4C17DF003F41FB /* Frameworks */ = {
			isa = PBXFrameworksBuildPhase;
			buildActionMask = 2147483647;
			files = (
			);
			runOnlyForDeploymentPostprocessing = 0;
		};
		2B1EB02F1F4C17DF003F41FB /* Frameworks */ = {
			isa = PBXFrameworksBuildPhase;
			buildActionMask = 2147483647;
			files = (
			);
			runOnlyForDeploymentPostprocessing = 0;
		};
/* End PBXFrameworksBuildPhase section */

/* Begin PBXGroup section */
		2B1EB00A1F4C17DF003F41FB = {
			isa = PBXGroup;
			children = (
				2B1EB0151F4C17DF003F41FB /* MultipleLanguageTest */,
				2B1EB02A1F4C17DF003F41FB /* MultipleLanguageTestTests */,
				2B1EB0351F4C17DF003F41FB /* MultipleLanguageTestUITests */,
				2B1EB0141F4C17DF003F41FB /* Products */,
			);
			sourceTree = "<group>";
		};
		2B1EB0141F4C17DF003F41FB /* Products */ = {
			isa = PBXGroup;
			children = (
				2B1EB0131F4C17DF003F41FB /* MultipleLanguageTest.app */,
				2B1EB0271F4C17DF003F41FB /* MultipleLanguageTestTests.xctest */,
				2B1EB0321F4C17DF003F41FB /* MultipleLanguageTestUITests.xctest */,
			);
			name = Products;
			sourceTree = "<group>";
		};
		2B1EB0151F4C17DF003F41FB /* MultipleLanguageTest */ = {
			isa = PBXGroup;
			children = (
				2B1EB0161F4C17DF003F41FB /* AppDelegate.swift */,
				2B1EB0181F4C17DF003F41FB /* ViewController.swift */,
				2B1EB01A1F4C17DF003F41FB /* Main.storyboard */,
				2B1EB01D1F4C17DF003F41FB /* Assets.xcassets */,
				2B1EB01F1F4C17DF003F41FB /* LaunchScreen.storyboard */,
				2B1EB0221F4C17DF003F41FB /* Info.plist */,
				2B1EB04C1F4C1EDB003F41FB /* Localizable.strings */,
			);
			path = MultipleLanguageTest;
			sourceTree = "<group>";
		};
		2B1EB02A1F4C17DF003F41FB /* MultipleLanguageTestTests */ = {
			isa = PBXGroup;
			children = (
				2B1EB02B1F4C17DF003F41FB /* MultipleLanguageTestTests.swift */,
				2B1EB02D1F4C17DF003F41FB /* Info.plist */,
			);
			path = MultipleLanguageTestTests;
			sourceTree = "<group>";
		};
		2B1EB0351F4C17DF003F41FB /* MultipleLanguageTestUITests */ = {
			isa = PBXGroup;
			children = (
				2B1EB0361F4C17DF003F41FB /* MultipleLanguageTestUITests.swift */,
				2B1EB0381F4C17DF003F41FB /* Info.plist */,
			);
			path = MultipleLanguageTestUITests;
			sourceTree = "<group>";
		};
/* End PBXGroup section */

/* Begin PBXNativeTarget section */
		2B1EB0121F4C17DF003F41FB /* MultipleLanguageTest */ = {
			isa = PBXNativeTarget;
			buildConfigurationList = 2B1EB03B1F4C17DF003F41FB /* Build configuration list for PBXNativeTarget "MultipleLanguageTest" */;
			buildPhases = (
				2B1EB00F1F4C17DF003F41FB /* Sources */,
				2B1EB0101F4C17DF003F41FB /* Frameworks */,
				2B1EB0111F4C17DF003F41FB /* Resources */,
			);
			buildRules = (
			);
			dependencies = (
			);
			name = MultipleLanguageTest;
			productName = MultipleLanguageTest;
			productReference = 2B1EB0131F4C17DF003F41FB /* MultipleLanguageTest.app */;
			productType = "com.apple.product-type.application";
		};
		2B1EB0261F4C17DF003F41FB /* MultipleLanguageTestTests */ = {
			isa = PBXNativeTarget;
			buildConfigurationList = 2B1EB03E1F4C17DF003F41FB /* Build configuration list for PBXNativeTarget "MultipleLanguageTestTests" */;
			buildPhases = (
				2B1EB0231F4C17DF003F41FB /* Sources */,
				2B1EB0241F4C17DF003F41FB /* Frameworks */,
				2B1EB0251F4C17DF003F41FB /* Resources */,
			);
			buildRules = (
			);
			dependencies = (
				2B1EB0291F4C17DF003F41FB /* PBXTargetDependency */,
			);
			name = MultipleLanguageTestTests;
			productName = MultipleLanguageTestTests;
			productReference = 2B1EB0271F4C17DF003F41FB /* MultipleLanguageTestTests.xctest */;
			productType = "com.apple.product-type.bundle.unit-test";
		};
		2B1EB0311F4C17DF003F41FB /* MultipleLanguageTestUITests */ = {
			isa = PBXNativeTarget;
			buildConfigurationList = 2B1EB0411F4C17DF003F41FB /* Build configuration list for PBXNativeTarget "MultipleLanguageTestUITests" */;
			buildPhases = (
				2B1EB02E1F4C17DF003F41FB /* Sources */,
				2B1EB02F1F4C17DF003F41FB /* Frameworks */,
				2B1EB0301F4C17DF003F41FB /* Resources */,
			);
			buildRules = (
			);
			dependencies = (
				2B1EB0341F4C17DF003F41FB /* PBXTargetDependency */,
			);
			name = MultipleLanguageTestUITests;
			productName = MultipleLanguageTestUITests;
			productReference = 2B1EB0321F4C17DF003F41FB /* MultipleLanguageTestUITests.xctest */;
			productType = "com.apple.product-type.bundle.ui-testing";
		};
/* End PBXNativeTarget section */

/* Begin PBXProject section */
		2B1EB00B1F4C17DF003F41FB /* Project object */ = {
			isa = PBXProject;
			attributes = {
				LastSwiftUpdateCheck = 0830;
				LastUpgradeCheck = 0830;
				ORGANIZATIONNAME = terryyamg;
				TargetAttributes = {
					2B1EB0121F4C17DF003F41FB = {
						CreatedOnToolsVersion = 8.3.3;
						DevelopmentTeam = 22WV979VRD;
						ProvisioningStyle = Automatic;
					};
					2B1EB0261F4C17DF003F41FB = {
						CreatedOnToolsVersion = 8.3.3;
						DevelopmentTeam = 22WV979VRD;
						ProvisioningStyle = Automatic;
						TestTargetID = 2B1EB0121F4C17DF003F41FB;
					};
					2B1EB0311F4C17DF003F41FB = {
						CreatedOnToolsVersion = 8.3.3;
						DevelopmentTeam = 22WV979VRD;
						ProvisioningStyle = Automatic;
						TestTargetID = 2B1EB0121F4C17DF003F41FB;
					};
				};
			};
			buildConfigurationList = 2B1EB00E1F4C17DF003F41FB /* Build configuration list for PBXProject "MultipleLanguageTest" */;
			compatibilityVersion = "Xcode 3.2";
			developmentRegion = English;
			hasScannedForEncodings = 0;
			knownRegions = (
				en,
				Base,
				ja,
				"zh-Hant",
			);
			mainGroup = 2B1EB00A1F4C17DF003F41FB;
			productRefGroup = 2B1EB0141F4C17DF003F41FB /* Products */;
			projectDirPath = "";
			projectRoot = "";
			targets = (
				2B1EB0121F4C17DF003F41FB /* MultipleLanguageTest */,
				2B1EB0261F4C17DF003F41FB /* MultipleLanguageTestTests */,
				2B1EB0311F4C17DF003F41FB /* MultipleLanguageTestUITests */,
			);
		};
/* End PBXProject section */

/* Begin PBXResourcesBuildPhase section */
		2B1EB0111F4C17DF003F41FB /* Resources */ = {
			isa = PBXResourcesBuildPhase;
			buildActionMask = 2147483647;
			files = (
				2B1EB0211F4C17DF003F41FB /* LaunchScreen.storyboard in Resources */,
				2B1EB04A1F4C1EDB003F41FB /* Localizable.strings in Resources */,
				2B1EB01E1F4C17DF003F41FB /* Assets.xcassets in Resources */,
				2B1EB01C1F4C17DF003F41FB /* Main.storyboard in Resources */,
			);
			runOnlyForDeploymentPostprocessing = 0;
		};
		2B1EB0251F4C17DF003F41FB /* Resources */ = {
			isa = PBXResourcesBuildPhase;
			buildActionMask = 2147483647;
			files = (
			);
			runOnlyForDeploymentPostprocessing = 0;
		};
		2B1EB0301F4C17DF003F41FB /* Resources */ = {
			isa = PBXResourcesBuildPhase;
			buildActionMask = 2147483647;
			files = (
			);
			runOnlyForDeploymentPostprocessing = 0;
		};
/* End PBXResourcesBuildPhase section */

/* Begin PBXSourcesBuildPhase section */
		2B1EB00F1F4C17DF003F41FB /* Sources */ = {
			isa = PBXSourcesBuildPhase;
			buildActionMask = 2147483647;
			files = (
				2B1EB0191F4C17DF003F41FB /* ViewController.swift in Sources */,
				2B1EB0171F4C17DF003F41FB /* AppDelegate.swift in Sources */,
			);
			runOnlyForDeploymentPostprocessing = 0;
		};
		2B1EB0231F4C17DF003F41FB /* Sources */ = {
			isa = PBXSourcesBuildPhase;
			buildActionMask = 2147483647;
			files = (
				2B1EB02C1F4C17DF003F41FB /* MultipleLanguageTestTests.swift in Sources */,
			);
			runOnlyForDeploymentPostprocessing = 0;
		};
		2B1EB02E1F4C17DF003F41FB /* Sources */ = {
			isa = PBXSourcesBuildPhase;
			buildActionMask = 2147483647;
			files = (
				2B1EB0371F4C17DF003F41FB /* MultipleLanguageTestUITests.swift in Sources */,
			);
			runOnlyForDeploymentPostprocessing = 0;
		};
/* End PBXSourcesBuildPhase section */

/* Begin PBXTargetDependency section */
		2B1EB0291F4C17DF003F41FB /* PBXTargetDependency */ = {
			isa = PBXTargetDependency;
			target = 2B1EB0121F4C17DF003F41FB /* MultipleLanguageTest */;
			targetProxy = 2B1EB0281F4C17DF003F41FB /* PBXContainerItemProxy */;
		};
		2B1EB0341F4C17DF003F41FB /* PBXTargetDependency */ = {
			isa = PBXTargetDependency;
			target = 2B1EB0121F4C17DF003F41FB /* MultipleLanguageTest */;
			targetProxy = 2B1EB0331F4C17DF003F41FB /* PBXContainerItemProxy */;
		};
/* End PBXTargetDependency section */

/* Begin PBXVariantGroup section */
		2B1EB01A1F4C17DF003F41FB /* Main.storyboard */ = {
			isa = PBXVariantGroup;
			children = (
				2B1EB01B1F4C17DF003F41FB /* Base */,
			);
			name = Main.storyboard;
			sourceTree = "<group>";
		};
		2B1EB01F1F4C17DF003F41FB /* LaunchScreen.storyboard */ = {
			isa = PBXVariantGroup;
			children = (
				2B1EB0201F4C17DF003F41FB /* Base */,
			);
			name = LaunchScreen.storyboard;
			sourceTree = "<group>";
		};
		2B1EB04C1F4C1EDB003F41FB /* Localizable.strings */ = {
			isa = PBXVariantGroup;
			children = (
				2B1EB04B1F4C1EDB003F41FB /* Base */,
				2B1EB04D1F4C1F07003F41FB /* ja */,
				2B1EB04E1F4C1F0F003F41FB /* zh-Hant */,
			);
			name = Localizable.strings;
			sourceTree = "<group>";
		};
/* End PBXVariantGroup section */

/* Begin XCBuildConfiguration section */
		2B1EB0391F4C17DF003F41FB /* Debug */ = {
			isa = XCBuildConfiguration;
			buildSettings = {
				ALWAYS_SEARCH_USER_PATHS = NO;
				CLANG_ANALYZER_LOCALIZABILITY_NONLOCALIZED = YES;
				CLANG_ANALYZER_NONNULL = YES;
				CLANG_ANALYZER_NUMBER_OBJECT_CONVERSION = YES_AGGRESSIVE;
				CLANG_CXX_LANGUAGE_STANDARD = "gnu++0x";
				CLANG_CXX_LIBRARY = "libc++";
				CLANG_ENABLE_MODULES = YES;
				CLANG_ENABLE_OBJC_ARC = YES;
				CLANG_WARN_BOOL_CONVERSION = YES;
				CLANG_WARN_CONSTANT_CONVERSION = YES;
				CLANG_WARN_DIRECT_OBJC_ISA_USAGE = YES_ERROR;
				CLANG_WARN_DOCUMENTATION_COMMENTS = YES;
				CLANG_WARN_EMPTY_BODY = YES;
				CLANG_WARN_ENUM_CONVERSION = YES;
				CLANG_WARN_INFINITE_RECURSION = YES;
				CLANG_WARN_INT_CONVERSION = YES;
				CLANG_WARN_OBJC_ROOT_CLASS = YES_ERROR;
				CLANG_WARN_SUSPICIOUS_MOVE = YES;
				CLANG_WARN_UNREACHABLE_CODE = YES;
				CLANG_WARN__DUPLICATE_METHOD_MATCH = YES;
				"CODE_SIGN_IDENTITY[sdk=iphoneos*]" = "iPhone Developer";
				COPY_PHASE_STRIP = NO;
				DEBUG_INFORMATION_FORMAT = dwarf;
				ENABLE_STRICT_OBJC_MSGSEND = YES;
				ENABLE_TESTABILITY = YES;
				GCC_C_LANGUAGE_STANDARD = gnu99;
				GCC_DYNAMIC_NO_PIC = NO;
				GCC_NO_COMMON_BLOCKS = YES;
				GCC_OPTIMIZATION_LEVEL = 0;
				GCC_PREPROCESSOR_DEFINITIONS = (
					"DEBUG=1",
					"$(inherited)",
				);
				GCC_WARN_64_TO_32_BIT_CONVERSION = YES;
				GCC_WARN_ABOUT_RETURN_TYPE = YES_ERROR;
				GCC_WARN_UNDECLARED_SELECTOR = YES;
				GCC_WARN_UNINITIALIZED_AUTOS = YES_AGGRESSIVE;
				GCC_WARN_UNUSED_FUNCTION = YES;
				GCC_WARN_UNUSED_VARIABLE = YES;
				IPHONEOS_DEPLOYMENT_TARGET = 10.3;
				MTL_ENABLE_DEBUG_INFO = YES;
				ONLY_ACTIVE_ARCH = YES;
				SDKROOT = iphoneos;
				SWIFT_ACTIVE_COMPILATION_CONDITIONS = DEBUG;
				SWIFT_OPTIMIZATION_LEVEL = "-Onone";
				TARGETED_DEVICE_FAMILY = "1,2";
			};
			name = Debug;
		};
		2B1EB03A1F4C17DF003F41FB /* Release */ = {
			isa = XCBuildConfiguration;
			buildSettings = {
				ALWAYS_SEARCH_USER_PATHS = NO;
				CLANG_ANALYZER_LOCALIZABILITY_NONLOCALIZED = YES;
				CLANG_ANALYZER_NONNULL = YES;
				CLANG_ANALYZER_NUMBER_OBJECT_CONVERSION = YES_AGGRESSIVE;
				CLANG_CXX_LANGUAGE_STANDARD = "gnu++0x";
				CLANG_CXX_LIBRARY = "libc++";
				CLANG_ENABLE_MODULES = YES;
				CLANG_ENABLE_OBJC_ARC = YES;
				CLANG_WARN_BOOL_CONVERSION = YES;
				CLANG_WARN_CONSTANT_CONVERSION = YES;
				CLANG_WARN_DIRECT_OBJC_ISA_USAGE = YES_ERROR;
				CLANG_WARN_DOCUMENTATION_COMMENTS = YES;
				CLANG_WARN_EMPTY_BODY = YES;
				CLANG_WARN_ENUM_CONVERSION = YES;
				CLANG_WARN_INFINITE_RECURSION = YES;
				CLANG_WARN_INT_CONVERSION = YES;
				CLANG_WARN_OBJC_ROOT_CLASS = YES_ERROR;
				CLANG_WARN_SUSPICIOUS_MOVE = YES;
				CLANG_WARN_UNREACHABLE_CODE = YES;
				CLANG_WARN__DUPLICATE_METHOD_MATCH = YES;
				"CODE_SIGN_IDENTITY[sdk=iphoneos*]" = "iPhone Developer";
				COPY_PHASE_STRIP = NO;
				DEBUG_INFORMATION_FORMAT = "dwarf-with-dsym";
				ENABLE_NS_ASSERTIONS = NO;
				ENABLE_STRICT_OBJC_MSGSEND = YES;
				GCC_C_LANGUAGE_STANDARD = gnu99;
				GCC_NO_COMMON_BLOCKS = YES;
				GCC_WARN_64_TO_32_BIT_CONVERSION = YES;
				GCC_WARN_ABOUT_RETURN_TYPE = YES_ERROR;
				GCC_WARN_UNDECLARED_SELECTOR = YES;
				GCC_WARN_UNINITIALIZED_AUTOS = YES_AGGRESSIVE;
				GCC_WARN_UNUSED_FUNCTION = YES;
				GCC_WARN_UNUSED_VARIABLE = YES;
				IPHONEOS_DEPLOYMENT_TARGET = 10.3;
				MTL_ENABLE_DEBUG_INFO = NO;
				SDKROOT = iphoneos;
				SWIFT_OPTIMIZATION_LEVEL = "-Owholemodule";
				TARGETED_DEVICE_FAMILY = "1,2";
				VALIDATE_PRODUCT = YES;
			};
			name = Release;
		};
		2B1EB03C1F4C17DF003F41FB /* Debug */ = {
			isa = XCBuildConfiguration;
			buildSettings = {
				ASSETCATALOG_COMPILER_APPICON_NAME = AppIcon;
				DEVELOPMENT_TEAM = 22WV979VRD;
				INFOPLIST_FILE = MultipleLanguageTest/Info.plist;
				LD_RUNPATH_SEARCH_PATHS = "$(inherited) @executable_path/Frameworks";
				PRODUCT_BUNDLE_IDENTIFIER = terryyamg.MultipleLanguageTest;
				PRODUCT_NAME = "$(TARGET_NAME)";
				SWIFT_VERSION = 3.0;
			};
			name = Debug;
		};
		2B1EB03D1F4C17DF003F41FB /* Release */ = {
			isa = XCBuildConfiguration;
			buildSettings = {
				ASSETCATALOG_COMPILER_APPICON_NAME = AppIcon;
				DEVELOPMENT_TEAM = 22WV979VRD;
				INFOPLIST_FILE = MultipleLanguageTest/Info.plist;
				LD_RUNPATH_SEARCH_PATHS = "$(inherited) @executable_path/Frameworks";
				PRODUCT_BUNDLE_IDENTIFIER = terryyamg.MultipleLanguageTest;
				PRODUCT_NAME = "$(TARGET_NAME)";
				SWIFT_VERSION = 3.0;
			};
			name = Release;
		};
		2B1EB03F1F4C17DF003F41FB /* Debug */ = {
			isa = XCBuildConfiguration;
			buildSettings = {
				ALWAYS_EMBED_SWIFT_STANDARD_LIBRARIES = YES;
				BUNDLE_LOADER = "$(TEST_HOST)";
				DEVELOPMENT_TEAM = 22WV979VRD;
				INFOPLIST_FILE = MultipleLanguageTestTests/Info.plist;
				LD_RUNPATH_SEARCH_PATHS = "$(inherited) @executable_path/Frameworks @loader_path/Frameworks";
				PRODUCT_BUNDLE_IDENTIFIER = terryyamg.MultipleLanguageTestTests;
				PRODUCT_NAME = "$(TARGET_NAME)";
				SWIFT_VERSION = 3.0;
				TEST_HOST = "$(BUILT_PRODUCTS_DIR)/MultipleLanguageTest.app/MultipleLanguageTest";
			};
			name = Debug;
		};
		2B1EB0401F4C17DF003F41FB /* Release */ = {
			isa = XCBuildConfiguration;
			buildSettings = {
				ALWAYS_EMBED_SWIFT_STANDARD_LIBRARIES = YES;
				BUNDLE_LOADER = "$(TEST_HOST)";
				DEVELOPMENT_TEAM = 22WV979VRD;
				INFOPLIST_FILE = MultipleLanguageTestTests/Info.plist;
				LD_RUNPATH_SEARCH_PATHS = "$(inherited) @executable_path/Frameworks @loader_path/Frameworks";
				PRODUCT_BUNDLE_IDENTIFIER = terryyamg.MultipleLanguageTestTests;
				PRODUCT_NAME = "$(TARGET_NAME)";
				SWIFT_VERSION = 3.0;
				TEST_HOST = "$(BUILT_PRODUCTS_DIR)/MultipleLanguageTest.app/MultipleLanguageTest";
			};
			name = Release;
		};
		2B1EB0421F4C17DF003F41FB /* Debug */ = {
			isa = XCBuildConfiguration;
			buildSettings = {
				ALWAYS_EMBED_SWIFT_STANDARD_LIBRARIES = YES;
				DEVELOPMENT_TEAM = 22WV979VRD;
				INFOPLIST_FILE = MultipleLanguageTestUITests/Info.plist;
				LD_RUNPATH_SEARCH_PATHS = "$(inherited) @executable_path/Frameworks @loader_path/Frameworks";
				PRODUCT_BUNDLE_IDENTIFIER = terryyamg.MultipleLanguageTestUITests;
				PRODUCT_NAME = "$(TARGET_NAME)";
				SWIFT_VERSION = 3.0;
				TEST_TARGET_NAME = MultipleLanguageTest;
			};
			name = Debug;
		};
		2B1EB0431F4C17DF003F41FB /* Release */ = {
			isa = XCBuildConfiguration;
			buildSettings = {
				ALWAYS_EMBED_SWIFT_STANDARD_LIBRARIES = YES;
				DEVELOPMENT_TEAM = 22WV979VRD;
				INFOPLIST_FILE = MultipleLanguageTestUITests/Info.plist;
				LD_RUNPATH_SEARCH_PATHS = "$(inherited) @executable_path/Frameworks @loader_path/Frameworks";
				PRODUCT_BUNDLE_IDENTIFIER = terryyamg.MultipleLanguageTestUITests;
				PRODUCT_NAME = "$(TARGET_NAME)";
				SWIFT_VERSION = 3.0;
				TEST_TARGET_NAME = MultipleLanguageTest;
			};
			name = Release;
		};
/* End XCBuildConfiguration section */

/* Begin XCConfigurationList section */
		2B1EB00E1F4C17DF003F41FB /* Build configuration list for PBXProject "MultipleLanguageTest" */ = {
			isa = XCConfigurationList;
			buildConfigurations = (
				2B1EB0391F4C17DF003F41FB /* Debug */,
				2B1EB03A1F4C17DF003F41FB /* Release */,
			);
			defaultConfigurationIsVisible = 0;
			defaultConfigurationName = Release;
		};
		2B1EB03B1F4C17DF003F41FB /* Build configuration list for PBXNativeTarget "MultipleLanguageTest" */ = {
			isa = XCConfigurationList;
			buildConfigurations = (
				2B1EB03C1F4C17DF003F41FB /* Debug */,
				2B1EB03D1F4C17DF003F41FB /* Release */,
			);
			defaultConfigurationIsVisible = 0;
		};
		2B1EB03E1F4C17DF003F41FB /* Build configuration list for PBXNativeTarget "MultipleLanguageTestTests" */ = {
			isa = XCConfigurationList;
			buildConfigurations = (
				2B1EB03F1F4C17DF003F41FB /* Debug */,
				2B1EB0401F4C17DF003F41FB /* Release */,
			);
			defaultConfigurationIsVisible = 0;
		};
		2B1EB0411F4C17DF003F41FB /* Build configuration list for PBXNativeTarget "MultipleLanguageTestUITests" */ = {
			isa = XCConfigurationList;
			buildConfigurations = (
				2B1EB0421F4C17DF003F41FB /* Debug */,
				2B1EB0431F4C17DF003F41FB /* Release */,
			);
			defaultConfigurationIsVisible = 0;
		};
/* End XCConfigurationList section */
	};
	rootObject = 2B1EB00B1F4C17DF003F41FB /* Project object */;
}
